
Microsoft Visual Studio Solution File, Format Version 12.00
# Visual Studio 14
VisualStudioVersion = 14.0.23107.0
MinimumVisualStudioVersion = 10.0.40219.1
Project("{FAE04EC0-301F-11D3-BF4B-00C04F79EFBC}") = "RSSreader", "RSSreader\RSSreader.csproj", "{71377F07-AE97-4CDD-AFCE-7913F14ECE9B}"
EndProject
Global
	GlobalSection(SolutionConfigurationPlatforms) = preSolution
		Debug|Any CPU = Debug|Any CPU
		Release|Any CPU = Release|Any CPU
	EndGlobalSection
	GlobalSection(ProjectConfigurationPlatforms) = postSolution
		{71377F07-AE97-4CDD-AFCE-7913F14ECE9B}.Debug|Any CPU.ActiveCfg = Debug|Any CPU
		{71377F07-AE97-4CDD-AFCE-7913F14ECE9B}.Debug|Any CPU.Build.0 = Debug|Any CPU
		{71377F07-AE97-4CDD-AFCE-7913F14ECE9B}.Release|Any CPU.ActiveCfg = Release|Any CPU
		{71377F07-AE97-4CDD-AFCE-7913F14ECE9B}.Release|Any CPU.Build.0 = Release|Any CPU
	EndGlobalSection
	GlobalSection(SolutionProperties) = preSolution
		HideSolutionNode = FALSE
	EndGlobalSection
EndGlobal
